version: 6
environments:
  default:
    channels:
    - url: https://conda.anaconda.org/conda-forge/
    packages:
      linux-64:
      - conda: https://conda.anaconda.org/conda-forge/linux-64/_libgcc_mutex-0.1-conda_forge.tar.bz2
      - conda: https://conda.anaconda.org/conda-forge/linux-64/_openmp_mutex-4.5-2_gnu.tar.bz2
      - conda: https://conda.anaconda.org/conda-forge/noarch/anyio-4.8.0-pyhd8ed1ab_0.conda
      - conda: https://conda.anaconda.org/conda-forge/linux-64/bzip2-1.0.8-h4bc722e_7.conda
      - conda: https://conda.anaconda.org/conda-forge/linux-64/ca-certificates-2024.12.14-hbcca054_0.conda
      - conda: https://conda.anaconda.org/conda-forge/noarch/click-8.1.8-pyh707e725_0.conda
      - conda: https://conda.anaconda.org/conda-forge/noarch/docutils-0.21.2-pyhd8ed1ab_1.conda
      - conda: https://conda.anaconda.org/conda-forge/noarch/exceptiongroup-1.2.2-pyhd8ed1ab_1.conda
      - conda: https://conda.anaconda.org/conda-forge/noarch/h11-0.14.0-pyhd8ed1ab_1.conda
      - conda: https://conda.anaconda.org/conda-forge/noarch/idna-3.10-pyhd8ed1ab_1.conda
      - conda: https://conda.anaconda.org/conda-forge/noarch/importlib-metadata-8.5.0-pyha770c72_1.conda
      - conda: https://conda.anaconda.org/conda-forge/noarch/itsdangerous-2.2.0-pyhd8ed1ab_1.conda
      - conda: https://conda.anaconda.org/conda-forge/noarch/jedi-0.19.2-pyhd8ed1ab_1.conda
      - conda: https://conda.anaconda.org/conda-forge/linux-64/ld_impl_linux-64-2.43-h712a8e2_2.conda
      - conda: https://conda.anaconda.org/conda-forge/linux-64/libexpat-2.6.4-h5888daf_0.conda
      - conda: https://conda.anaconda.org/conda-forge/linux-64/libffi-3.4.2-h7f98852_5.tar.bz2
      - conda: https://conda.anaconda.org/conda-forge/linux-64/libgcc-14.2.0-h77fa898_1.conda
      - conda: https://conda.anaconda.org/conda-forge/linux-64/libgcc-ng-14.2.0-h69a702a_1.conda
      - conda: https://conda.anaconda.org/conda-forge/linux-64/libgomp-14.2.0-h77fa898_1.conda
      - conda: https://conda.anaconda.org/conda-forge/linux-64/liblzma-5.6.3-hb9d3cd8_1.conda
      - conda: https://conda.anaconda.org/conda-forge/linux-64/libmpdec-4.0.0-h4bc722e_0.conda
      - conda: https://conda.anaconda.org/conda-forge/linux-64/libsqlite-3.47.2-hee588c1_0.conda
      - conda: https://conda.anaconda.org/conda-forge/linux-64/libstdcxx-14.2.0-hc0a3c3a_1.conda
      - conda: https://conda.anaconda.org/conda-forge/linux-64/libuuid-2.38.1-h0b41bf4_0.conda
      - conda: https://conda.anaconda.org/conda-forge/linux-64/libzlib-1.3.1-hb9d3cd8_2.conda
      - conda: https://conda.anaconda.org/conda-forge/linux-64/marimo-0.10.13-py313h3617017_0.conda
      - conda: https://conda.anaconda.org/conda-forge/noarch/markdown-3.6-pyhd8ed1ab_0.conda
      - conda: https://conda.anaconda.org/conda-forge/noarch/narwhals-1.22.0-pyhd8ed1ab_0.conda
      - conda: https://conda.anaconda.org/conda-forge/linux-64/ncurses-6.5-h2d0b736_2.conda
      - conda: https://conda.anaconda.org/conda-forge/linux-64/openssl-3.4.0-h7b32b05_1.conda
      - conda: https://conda.anaconda.org/conda-forge/noarch/packaging-24.2-pyhd8ed1ab_2.conda
      - conda: https://conda.anaconda.org/conda-forge/noarch/parso-0.8.4-pyhd8ed1ab_1.conda
      - conda: https://conda.anaconda.org/conda-forge/linux-64/psutil-6.1.1-py313h536fd9c_0.conda
      - conda: https://conda.anaconda.org/conda-forge/linux-64/pycrdt-0.11.1-py313h920b4c0_0.conda
      - conda: https://conda.anaconda.org/conda-forge/noarch/pygments-2.19.1-pyhd8ed1ab_0.conda
      - conda: https://conda.anaconda.org/conda-forge/noarch/pymdown-extensions-10.14-pyhd8ed1ab_0.conda
      - conda: https://conda.anaconda.org/conda-forge/linux-64/python-3.13.1-ha99a958_105_cp313.conda
      - conda: https://conda.anaconda.org/conda-forge/linux-64/python_abi-3.13-5_cp313.conda
      - conda: https://conda.anaconda.org/conda-forge/linux-64/pyyaml-6.0.2-py313h536fd9c_1.conda
      - conda: https://conda.anaconda.org/conda-forge/linux-64/readline-8.2-h8228510_1.conda
      - conda: https://conda.anaconda.org/conda-forge/linux-64/ruff-0.9.1-py313he87ea70_0.conda
      - conda: https://conda.anaconda.org/conda-forge/noarch/sniffio-1.3.1-pyhd8ed1ab_1.conda
      - conda: https://conda.anaconda.org/conda-forge/noarch/starlette-0.45.2-pyha770c72_0.conda
      - conda: https://conda.anaconda.org/conda-forge/linux-64/tk-8.6.13-noxft_h4845f30_101.conda
      - conda: https://conda.anaconda.org/conda-forge/noarch/tomlkit-0.13.2-pyha770c72_1.conda
      - conda: https://conda.anaconda.org/conda-forge/noarch/typing_extensions-4.12.2-pyha770c72_1.conda
      - conda: https://conda.anaconda.org/conda-forge/noarch/tzdata-2024b-hc8b5060_0.conda
      - conda: https://conda.anaconda.org/conda-forge/noarch/uvicorn-0.34.0-pyh31011fe_0.conda
      - conda: https://conda.anaconda.org/conda-forge/linux-64/websockets-14.1-py313h536fd9c_0.conda
      - conda: https://conda.anaconda.org/conda-forge/linux-64/yaml-0.2.5-h7f98852_2.tar.bz2
      - conda: https://conda.anaconda.org/conda-forge/noarch/zipp-3.21.0-pyhd8ed1ab_1.conda
packages:
- conda: https://conda.anaconda.org/conda-forge/linux-64/_libgcc_mutex-0.1-conda_forge.tar.bz2
  sha256: fe51de6107f9edc7aa4f786a70f4a883943bc9d39b3bb7307c04c41410990726
  md5: d7c89558ba9fa0495403155b64376d81
  license: None
  size: 2562
  timestamp: 1578324546067
- conda: https://conda.anaconda.org/conda-forge/linux-64/_openmp_mutex-4.5-2_gnu.tar.bz2
  build_number: 16
  sha256: fbe2c5e56a653bebb982eda4876a9178aedfc2b545f25d0ce9c4c0b508253d22
  md5: 73aaf86a425cc6e73fcf236a5a46396d
  depends:
  - _libgcc_mutex 0.1 conda_forge
  - libgomp >=7.5.0
  constrains:
  - openmp_impl 9999
  license: BSD-3-Clause
  license_family: BSD
  size: 23621
  timestamp: 1650670423406
- conda: https://conda.anaconda.org/conda-forge/noarch/anyio-4.8.0-pyhd8ed1ab_0.conda
  sha256: f1455d2953e3eb6d71bc49881c8558d8e01888469dfd21061dd48afb6183e836
  md5: 848d25bfbadf020ee4d4ba90e5668252
  depends:
  - exceptiongroup >=1.0.2
  - idna >=2.8
  - python >=3.9
  - sniffio >=1.1
  - typing_extensions >=4.5
  constrains:
  - trio >=0.26.1
  - uvloop >=0.21
  license: MIT
  license_family: MIT
  size: 115305
  timestamp: 1736174485476
- conda: https://conda.anaconda.org/conda-forge/linux-64/bzip2-1.0.8-h4bc722e_7.conda
  sha256: 5ced96500d945fb286c9c838e54fa759aa04a7129c59800f0846b4335cee770d
  md5: 62ee74e96c5ebb0af99386de58cf9553
  depends:
  - __glibc >=2.17,<3.0.a0
  - libgcc-ng >=12
  license: bzip2-1.0.6
  license_family: BSD
  size: 252783
  timestamp: 1720974456583
- conda: https://conda.anaconda.org/conda-forge/linux-64/ca-certificates-2024.12.14-hbcca054_0.conda
  sha256: 1afd7274cbc9a334d6d0bc62fa760acc7afdaceb0b91a8df370ec01fd75dc7dd
  md5: 720523eb0d6a9b0f6120c16b2aa4e7de
  license: ISC
  size: 157088
  timestamp: 1734208393264
- conda: https://conda.anaconda.org/conda-forge/noarch/click-8.1.8-pyh707e725_0.conda
  sha256: c920d23cd1fcf565031c679adb62d848af60d6fbb0edc2d50ba475cea4f0d8ab
  md5: f22f4d4970e09d68a10b922cbb0408d3
  depends:
  - __unix
  - python >=3.9
  license: BSD-3-Clause
  license_family: BSD
  size: 84705
  timestamp: 1734858922844
- conda: https://conda.anaconda.org/conda-forge/noarch/docutils-0.21.2-pyhd8ed1ab_1.conda
  sha256: fa5966bb1718bbf6967a85075e30e4547901410cc7cb7b16daf68942e9a94823
  md5: 24c1ca34138ee57de72a943237cde4cc
  depends:
  - python >=3.9
  license: CC-PDDC AND BSD-3-Clause AND BSD-2-Clause AND ZPL-2.1
  size: 402700
  timestamp: 1733217860944
- conda: https://conda.anaconda.org/conda-forge/noarch/exceptiongroup-1.2.2-pyhd8ed1ab_1.conda
  sha256: cbde2c64ec317118fc06b223c5fd87c8a680255e7348dd60e7b292d2e103e701
  md5: a16662747cdeb9abbac74d0057cc976e
  depends:
  - python >=3.9
  license: MIT and PSF-2.0
  size: 20486
  timestamp: 1733208916977
- conda: https://conda.anaconda.org/conda-forge/noarch/h11-0.14.0-pyhd8ed1ab_1.conda
  sha256: 622516185a7c740d5c7f27016d0c15b45782c1501e5611deec63fd70344ce7c8
  md5: 7ee49e89531c0dcbba9466f6d115d585
  depends:
  - python >=3.9
  - typing_extensions
  license: MIT
  license_family: MIT
  size: 51846
  timestamp: 1733327599467
- conda: https://conda.anaconda.org/conda-forge/noarch/idna-3.10-pyhd8ed1ab_1.conda
  sha256: d7a472c9fd479e2e8dcb83fb8d433fce971ea369d704ece380e876f9c3494e87
  md5: 39a4f67be3286c86d696df570b1201b7
  depends:
  - python >=3.9
  license: BSD-3-Clause
  license_family: BSD
  size: 49765
  timestamp: 1733211921194
- conda: https://conda.anaconda.org/conda-forge/noarch/importlib-metadata-8.5.0-pyha770c72_1.conda
  sha256: 13766b88fc5b23581530d3a0287c0c58ad82f60401afefab283bf158d2be55a9
  md5: 315607a3030ad5d5227e76e0733798ff
  depends:
  - python >=3.9
  - zipp >=0.5
  license: Apache-2.0
  license_family: APACHE
  size: 28623
  timestamp: 1733223207185
- conda: https://conda.anaconda.org/conda-forge/noarch/itsdangerous-2.2.0-pyhd8ed1ab_1.conda
  sha256: 1684b7b16eec08efef5302ce298c606b163c18272b69a62b666fbaa61516f170
  md5: 7ac5f795c15f288984e32add616cdc59
  depends:
  - python >=3.9
  license: BSD-3-Clause
  license_family: BSD
  size: 19180
  timestamp: 1733308353037
- conda: https://conda.anaconda.org/conda-forge/noarch/jedi-0.19.2-pyhd8ed1ab_1.conda
  sha256: 92c4d217e2dc68983f724aa983cca5464dcb929c566627b26a2511159667dba8
  md5: a4f4c5dc9b80bc50e0d3dc4e6e8f1bd9
  depends:
  - parso >=0.8.3,<0.9.0
  - python >=3.9
  license: Apache-2.0 AND MIT
  size: 843646
  timestamp: 1733300981994
- conda: https://conda.anaconda.org/conda-forge/linux-64/ld_impl_linux-64-2.43-h712a8e2_2.conda
  sha256: 7c91cea91b13f4314d125d1bedb9d03a29ebbd5080ccdea70260363424646dbe
  md5: 048b02e3962f066da18efe3a21b77672
  depends:
  - __glibc >=2.17,<3.0.a0
  constrains:
  - binutils_impl_linux-64 2.43
  license: GPL-3.0-only
  license_family: GPL
  size: 669211
  timestamp: 1729655358674
- conda: https://conda.anaconda.org/conda-forge/linux-64/libexpat-2.6.4-h5888daf_0.conda
  sha256: 56541b98447b58e52d824bd59d6382d609e11de1f8adf20b23143e353d2b8d26
  md5: db833e03127376d461e1e13e76f09b6c
  depends:
  - __glibc >=2.17,<3.0.a0
  - libgcc >=13
  constrains:
  - expat 2.6.4.*
  license: MIT
  license_family: MIT
  size: 73304
  timestamp: 1730967041968
- conda: https://conda.anaconda.org/conda-forge/linux-64/libffi-3.4.2-h7f98852_5.tar.bz2
  sha256: ab6e9856c21709b7b517e940ae7028ae0737546122f83c2aa5d692860c3b149e
  md5: d645c6d2ac96843a2bfaccd2d62b3ac3
  depends:
  - libgcc-ng >=9.4.0
  license: MIT
  license_family: MIT
  size: 58292
  timestamp: 1636488182923
- conda: https://conda.anaconda.org/conda-forge/linux-64/libgcc-14.2.0-h77fa898_1.conda
  sha256: 53eb8a79365e58849e7b1a068d31f4f9e718dc938d6f2c03e960345739a03569
  md5: 3cb76c3f10d3bc7f1105b2fc9db984df
  depends:
  - _libgcc_mutex 0.1 conda_forge
  - _openmp_mutex >=4.5
  constrains:
  - libgomp 14.2.0 h77fa898_1
  - libgcc-ng ==14.2.0=*_1
  license: GPL-3.0-only WITH GCC-exception-3.1
  license_family: GPL
  size: 848745
  timestamp: 1729027721139
- conda: https://conda.anaconda.org/conda-forge/linux-64/libgcc-ng-14.2.0-h69a702a_1.conda
  sha256: 3a76969c80e9af8b6e7a55090088bc41da4cffcde9e2c71b17f44d37b7cb87f7
  md5: e39480b9ca41323497b05492a63bc35b
  depends:
  - libgcc 14.2.0 h77fa898_1
  license: GPL-3.0-only WITH GCC-exception-3.1
  license_family: GPL
  size: 54142
  timestamp: 1729027726517
- conda: https://conda.anaconda.org/conda-forge/linux-64/libgomp-14.2.0-h77fa898_1.conda
  sha256: 1911c29975ec99b6b906904040c855772ccb265a1c79d5d75c8ceec4ed89cd63
  md5: cc3573974587f12dda90d96e3e55a702
  depends:
  - _libgcc_mutex 0.1 conda_forge
  license: GPL-3.0-only WITH GCC-exception-3.1
  license_family: GPL
  size: 460992
  timestamp: 1729027639220
- conda: https://conda.anaconda.org/conda-forge/linux-64/liblzma-5.6.3-hb9d3cd8_1.conda
  sha256: e6e425252f3839e2756e4af1ea2074dffd3396c161bf460629f9dfd6a65f15c6
  md5: 2ecf2f1c7e4e21fcfe6423a51a992d84
  depends:
  - __glibc >=2.17,<3.0.a0
  - libgcc >=13
  license: 0BSD
  size: 111132
  timestamp: 1733407410083
- conda: https://conda.anaconda.org/conda-forge/linux-64/libmpdec-4.0.0-h4bc722e_0.conda
  sha256: d02d1d3304ecaf5c728e515eb7416517a0b118200cd5eacbe829c432d1664070
  md5: aeb98fdeb2e8f25d43ef71fbacbeec80
  depends:
  - __glibc >=2.17,<3.0.a0
  - libgcc-ng >=12
  license: BSD-2-Clause
  license_family: BSD
  size: 89991
  timestamp: 1723817448345
- conda: https://conda.anaconda.org/conda-forge/linux-64/libsqlite-3.47.2-hee588c1_0.conda
  sha256: 48af21ebc2cbf358976f1e0f4a0ab9e91dfc83d0ef337cf3837c6f5bc22fb352
  md5: b58da17db24b6e08bcbf8fed2fb8c915
  depends:
  - __glibc >=2.17,<3.0.a0
  - libgcc >=13
  - libzlib >=1.3.1,<2.0a0
  license: Unlicense
  size: 873551
  timestamp: 1733761824646
- conda: https://conda.anaconda.org/conda-forge/linux-64/libstdcxx-14.2.0-hc0a3c3a_1.conda
  sha256: 4661af0eb9bdcbb5fb33e5d0023b001ad4be828fccdcc56500059d56f9869462
  md5: 234a5554c53625688d51062645337328
  depends:
  - libgcc 14.2.0 h77fa898_1
  arch: x86_64
  platform: linux
  license: GPL-3.0-only WITH GCC-exception-3.1
  license_family: GPL
  size: 3893695
  timestamp: 1729027746910
- conda: https://conda.anaconda.org/conda-forge/linux-64/libuuid-2.38.1-h0b41bf4_0.conda
  sha256: 787eb542f055a2b3de553614b25f09eefb0a0931b0c87dbcce6efdfd92f04f18
  md5: 40b61aab5c7ba9ff276c41cfffe6b80b
  depends:
  - libgcc-ng >=12
  license: BSD-3-Clause
  license_family: BSD
  size: 33601
  timestamp: 1680112270483
- conda: https://conda.anaconda.org/conda-forge/linux-64/libzlib-1.3.1-hb9d3cd8_2.conda
  sha256: d4bfe88d7cb447768e31650f06257995601f89076080e76df55e3112d4e47dc4
  md5: edb0dca6bc32e4f4789199455a1dbeb8
  depends:
  - __glibc >=2.17,<3.0.a0
  - libgcc >=13
  constrains:
  - zlib 1.3.1 *_2
  license: Zlib
  license_family: Other
  size: 60963
  timestamp: 1727963148474
- conda: https://conda.anaconda.org/conda-forge/linux-64/marimo-0.10.13-py313h3617017_0.conda
  sha256: f1532e4ed7af5f21774009d87ef545e3f05d6d04ee9afd2c0970ebdfd067935e
  md5: adb5ad332993a9a559b5692fb4e6ec82
  depends:
  - python
  - click >=8.0,<9
  - jedi >=0.18.0
  - markdown >=3.4,<4
  - pymdown-extensions >=10,<11
  - pygments >=2.13,<3
  - tomlkit >=0.12.0
  - pyyaml >=6.0
  - uvicorn >=0.22.0
  - starlette >=0.26.1,!=0.36.0
  - websockets >=10
  - pycrdt >=0.11.0,<0.12.0
  - docutils >=0.16.0
  - psutil >=5.0
  - itsdangerous >=2
  - narwhals >=1.12.0
  - ruff
  - packaging
  - python_abi 3.13.* *_cp313
  arch: x86_64
  platform: linux
  license: Apache-2.0
  size: 7002739
  timestamp: 1736957923832
- conda: https://conda.anaconda.org/conda-forge/noarch/markdown-3.6-pyhd8ed1ab_0.conda
  sha256: fce1fde00359696983989699c00f9891194c4ebafea647a8d21b7e2e3329b56e
  md5: 06e9bebf748a0dea03ecbe1f0e27e909
  depends:
  - importlib-metadata >=4.4
  - python >=3.6
  license: BSD-3-Clause
  license_family: BSD
  size: 78331
  timestamp: 1710435316163
- conda: https://conda.anaconda.org/conda-forge/noarch/narwhals-1.22.0-pyhd8ed1ab_0.conda
  sha256: 898f72c5937c6e990d58b530674a1469f310582f932970d4419269671d0331ba
  md5: 40eec8569140b855c3f765bfb7857f26
  depends:
  - python >=3.9
  license: MIT
  license_family: MIT
  size: 169707
  timestamp: 1736800836205
- conda: https://conda.anaconda.org/conda-forge/linux-64/ncurses-6.5-h2d0b736_2.conda
  sha256: 17fe6afd8a00446010220d52256bd222b1e4fcb93bd587e7784b03219f3dc358
  md5: 04b34b9a40cdc48cfdab261ab176ff74
  depends:
  - __glibc >=2.17,<3.0.a0
  - libgcc >=13
  license: X11 AND BSD-3-Clause
  size: 894452
  timestamp: 1736683239706
- conda: https://conda.anaconda.org/conda-forge/linux-64/openssl-3.4.0-h7b32b05_1.conda
  sha256: f62f6bca4a33ca5109b6d571b052a394d836956d21b25b7ffd03376abf7a481f
  md5: 4ce6875f75469b2757a65e10a5d05e31
  depends:
  - __glibc >=2.17,<3.0.a0
  - ca-certificates
  - libgcc >=13
  license: Apache-2.0
  license_family: Apache
  size: 2937158
  timestamp: 1736086387286
- conda: https://conda.anaconda.org/conda-forge/noarch/packaging-24.2-pyhd8ed1ab_2.conda
  sha256: da157b19bcd398b9804c5c52fc000fcb8ab0525bdb9c70f95beaa0bb42f85af1
  md5: 3bfed7e6228ebf2f7b9eaa47f1b4e2aa
  depends:
  - python >=3.8
  license: Apache-2.0
  license_family: APACHE
  size: 60164
  timestamp: 1733203368787
- conda: https://conda.anaconda.org/conda-forge/noarch/parso-0.8.4-pyhd8ed1ab_1.conda
  sha256: 17131120c10401a99205fc6fe436e7903c0fa092f1b3e80452927ab377239bcc
  md5: 5c092057b6badd30f75b06244ecd01c9
  depends:
  - python >=3.9
  license: MIT
  license_family: MIT
  size: 75295
  timestamp: 1733271352153
- conda: https://conda.anaconda.org/conda-forge/linux-64/psutil-6.1.1-py313h536fd9c_0.conda
  sha256: c235557ce853c2e986c014d1eb2bd9a97103a3129db9da055c6b767d404e0713
  md5: 79969031e331ecd8036a7c1992b64f9b
  depends:
  - __glibc >=2.17,<3.0.a0
  - libgcc >=13
  - python >=3.13,<3.14.0a0
  - python_abi 3.13.* *_cp313
  arch: x86_64
  platform: linux
  license: BSD-3-Clause
  license_family: BSD
  size: 495006
  timestamp: 1735327440037
- conda: https://conda.anaconda.org/conda-forge/linux-64/pycrdt-0.11.1-py313h920b4c0_0.conda
  sha256: 1c7e2a4aaec2b5c968948ccf11ce0f2bf8b9ac178eeeff5cd83d81b414345968
  md5: 88878c0c8740a8c0030e4f27fa89da05
  depends:
  - __glibc >=2.17,<3.0.a0
  - anyio >=4.4.0,<5.0.0
  - libgcc >=13
  - python >=3.13,<3.14.0a0
  - python_abi 3.13.* *_cp313
  constrains:
  - __glibc >=2.17
  arch: x86_64
  platform: linux
  license: MIT
  license_family: MIT
  size: 782646
  timestamp: 1735984464205
- conda: https://conda.anaconda.org/conda-forge/noarch/pygments-2.19.1-pyhd8ed1ab_0.conda
  sha256: 28a3e3161390a9d23bc02b4419448f8d27679d9e2c250e29849e37749c8de86b
  md5: 232fb4577b6687b2d503ef8e254270c9
  depends:
  - python >=3.9
  license: BSD-2-Clause
  license_family: BSD
  size: 888600
  timestamp: 1736243563082
- conda: https://conda.anaconda.org/conda-forge/noarch/pymdown-extensions-10.14-pyhd8ed1ab_0.conda
  sha256: a3dd1c6d8b98fcb9568bf5ccc890d39ae7651bc70c69cc42bd144c9cf2ae7dfb
  md5: d1b5b5731daa6acc49c1f94af172a11e
  depends:
  - markdown >=3.6
  - python >=3.9
  - pyyaml
  license: MIT
  license_family: MIT
  size: 169295
  timestamp: 1736273047478
- conda: https://conda.anaconda.org/conda-forge/linux-64/python-3.13.1-ha99a958_105_cp313.conda
  build_number: 105
  sha256: d3eb7d0820cf0189103bba1e60e242ffc15fd2f727640ac3a10394b27adf3cca
  md5: 34945787453ee52a8f8271c1d19af1e8
  depends:
  - __glibc >=2.17,<3.0.a0
  - bzip2 >=1.0.8,<2.0a0
  - ld_impl_linux-64 >=2.36.1
  - libexpat >=2.6.4,<3.0a0
  - libffi >=3.4,<4.0a0
  - libgcc >=13
  - liblzma >=5.6.3,<6.0a0
  - libmpdec >=4.0.0,<5.0a0
  - libsqlite >=3.47.2,<4.0a0
  - libuuid >=2.38.1,<3.0a0
  - libzlib >=1.3.1,<2.0a0
  - ncurses >=6.5,<7.0a0
  - openssl >=3.4.0,<4.0a0
  - python_abi 3.13.* *_cp313
  - readline >=8.2,<9.0a0
  - tk >=8.6.13,<8.7.0a0
  - tzdata
  license: Python-2.0
  size: 33169840
  timestamp: 1736763984540
  python_site_packages_path: lib/python3.13/site-packages
- conda: https://conda.anaconda.org/conda-forge/linux-64/python_abi-3.13-5_cp313.conda
  build_number: 5
  sha256: 438225b241c5f9bddae6f0178a97f5870a89ecf927dfca54753e689907331442
  md5: 381bbd2a92c863f640a55b6ff3c35161
  constrains:
  - python 3.13.* *_cp313
  license: BSD-3-Clause
  license_family: BSD
  size: 6217
  timestamp: 1723823393322
- conda: https://conda.anaconda.org/conda-forge/linux-64/pyyaml-6.0.2-py313h536fd9c_1.conda
  sha256: 86ae34bf2bab82c0fff2e31a37318c8977297776436df780a83c6efa5f84749d
  md5: 3789f360de131c345e96fbfc955ca80b
  depends:
  - __glibc >=2.17,<3.0.a0
  - libgcc >=13
  - python >=3.13.0rc1,<3.14.0a0
  - python_abi 3.13.* *_cp313
  - yaml >=0.2.5,<0.3.0a0
  arch: x86_64
  platform: linux
  license: MIT
  license_family: MIT
  size: 205855
  timestamp: 1725456273924
- conda: https://conda.anaconda.org/conda-forge/linux-64/readline-8.2-h8228510_1.conda
  sha256: 5435cf39d039387fbdc977b0a762357ea909a7694d9528ab40f005e9208744d7
  md5: 47d31b792659ce70f470b5c82fdfb7a4
  depends:
  - libgcc-ng >=12
  - ncurses >=6.3,<7.0a0
  license: GPL-3.0-only
  license_family: GPL
  size: 281456
  timestamp: 1679532220005
- conda: https://conda.anaconda.org/conda-forge/linux-64/ruff-0.9.1-py313he87ea70_0.conda
  sha256: be96234ae4e3f9b8b28d5755943d8f1e94cc8241b20c23514bce2c0cc9c2feb2
  md5: b503756894b9833ba83a8d3174c7f00b
  depends:
  - __glibc >=2.17,<3.0.a0
  - libgcc >=13
  - libstdcxx >=13
  - python >=3.13,<3.14.0a0
  - python_abi 3.13.* *_cp313
  constrains:
  - __glibc >=2.17
  arch: x86_64
  platform: linux
  license: MIT
  license_family: MIT
  size: 7988945
  timestamp: 1736550685332
- conda: https://conda.anaconda.org/conda-forge/noarch/sniffio-1.3.1-pyhd8ed1ab_1.conda
  sha256: c2248418c310bdd1719b186796ae50a8a77ce555228b6acd32768e2543a15012
  md5: bf7a226e58dfb8346c70df36065d86c9
  depends:
  - python >=3.9
  license: Apache-2.0
  license_family: Apache
  size: 15019
  timestamp: 1733244175724
- conda: https://conda.anaconda.org/conda-forge/noarch/starlette-0.45.2-pyha770c72_0.conda
  sha256: 2c429dbbd5e7256517ef6cdfc30664b0c0e87f90f3c526afe3b97681aafb5623
  md5: acd5901cdd0365e18129f4748e524615
  depends:
  - anyio >=3.6.2,<5
  - python >=3.9
  - typing_extensions >=3.10.0
  license: BSD-3-Clause
  license_family: BSD
  size: 58040
  timestamp: 1736016898891
- conda: https://conda.anaconda.org/conda-forge/linux-64/tk-8.6.13-noxft_h4845f30_101.conda
  sha256: e0569c9caa68bf476bead1bed3d79650bb080b532c64a4af7d8ca286c08dea4e
  md5: d453b98d9c83e71da0741bb0ff4d76bc
  depends:
  - libgcc-ng >=12
  - libzlib >=1.2.13,<2.0.0a0
  license: TCL
  license_family: BSD
  size: 3318875
  timestamp: 1699202167581
- conda: https://conda.anaconda.org/conda-forge/noarch/tomlkit-0.13.2-pyha770c72_1.conda
  sha256: 986fae65f5568e95dbf858d08d77a0f9cca031345a98550f1d4b51d36d8811e2
  md5: 1d9ab4fc875c52db83f9c9b40af4e2c8
  depends:
  - python >=3.9
  license: MIT
  license_family: MIT
  size: 37372
  timestamp: 1733230836889
- conda: https://conda.anaconda.org/conda-forge/noarch/typing_extensions-4.12.2-pyha770c72_1.conda
  sha256: 337be7af5af8b2817f115b3b68870208b30c31d3439bec07bfb2d8f4823e3568
  md5: d17f13df8b65464ca316cbc000a3cb64
  depends:
  - python >=3.9
  license: PSF-2.0
  license_family: PSF
  size: 39637
  timestamp: 1733188758212
- conda: https://conda.anaconda.org/conda-forge/noarch/tzdata-2024b-hc8b5060_0.conda
  sha256: 4fde5c3008bf5d2db82f2b50204464314cc3c91c1d953652f7bd01d9e52aefdf
  md5: 8ac3367aafb1cc0a068483c580af8015
  license: LicenseRef-Public-Domain
  size: 122354
  timestamp: 1728047496079
- conda: https://conda.anaconda.org/conda-forge/noarch/uvicorn-0.34.0-pyh31011fe_0.conda
  sha256: 55c160b0cf9274e2b98bc0f7fcce548bffa8d788bc86aa02801877457040f6fa
  md5: 5d448feee86e4740498ec8f8eb40e052
  depends:
  - __unix
  - click >=7.0
  - h11 >=0.8
  - python >=3.9
  - typing_extensions >=4.0
  license: BSD-3-Clause
  license_family: BSD
  size: 48643
  timestamp: 1734293057914
- conda: https://conda.anaconda.org/conda-forge/linux-64/websockets-14.1-py313h536fd9c_0.conda
  sha256: 6f974007f96cb365824714fb6e8597e5262aea8d07295de220173812695c3761
  md5: 121e322ffdd5932a1f371c716a17c88c
  depends:
  - __glibc >=2.17,<3.0.a0
  - libgcc >=13
  - python >=3.13,<3.14.0a0
  - python_abi 3.13.* *_cp313
  arch: x86_64
  platform: linux
  license: BSD-3-Clause
  license_family: BSD
  size: 250325
  timestamp: 1731498716340
- conda: https://conda.anaconda.org/conda-forge/linux-64/yaml-0.2.5-h7f98852_2.tar.bz2
  sha256: a4e34c710eeb26945bdbdaba82d3d74f60a78f54a874ec10d373811a5d217535
  md5: 4cb3ad778ec2d5a7acbdf254eb1c42ae
  depends:
  - libgcc-ng >=9.4.0
  arch: x86_64
  platform: linux
  license: MIT
  license_family: MIT
  size: 89141
  timestamp: 1641346969816
- conda: https://conda.anaconda.org/conda-forge/noarch/zipp-3.21.0-pyhd8ed1ab_1.conda
  sha256: 567c04f124525c97a096b65769834b7acb047db24b15a56888a322bf3966c3e1
  md5: 0c3cc595284c5e8f0f9900a9b228a332
  depends:
  - python >=3.9
  license: MIT
  license_family: MIT
  size: 21809
  timestamp: 1732827613585
